
Microsoft Visual Studio Solution File, Format Version 12.00
# Visual Studio 15
Project("{FAE04EC0-301F-11D3-BF4B-00C04F79EFBC}") = "Coder", "Coder.csproj", "{EB43B229-4340-40C5-92EA-B27DA581880B}"
EndProject
Global
	GlobalSection(SolutionConfigurationPlatforms) = preSolution
		Debug|iPhoneSimulator = Debug|iPhoneSimulator
		Release|iPhoneSimulator = Release|iPhoneSimulator
		Debug|iPhone = Debug|iPhone
		Release|iPhone = Release|iPhone
	EndGlobalSection
	GlobalSection(ProjectConfigurationPlatforms) = postSolution
		{EB43B229-4340-40C5-92EA-B27DA581880B}.Debug|iPhoneSimulator.ActiveCfg = Debug|iPhoneSimulator
		{EB43B229-4340-40C5-92EA-B27DA581880B}.Debug|iPhoneSimulator.Build.0 = Debug|iPhoneSimulator
		{EB43B229-4340-40C5-92EA-B27DA581880B}.Release|iPhoneSimulator.ActiveCfg = Release|iPhoneSimulator
		{EB43B229-4340-40C5-92EA-B27DA581880B}.Release|iPhoneSimulator.Build.0 = Release|iPhoneSimulator
		{EB43B229-4340-40C5-92EA-B27DA581880B}.Debug|iPhone.ActiveCfg = Debug|iPhone
		{EB43B229-4340-40C5-92EA-B27DA581880B}.Debug|iPhone.Build.0 = Debug|iPhone
		{EB43B229-4340-40C5-92EA-B27DA581880B}.Release|iPhone.ActiveCfg = Release|iPhone
		{EB43B229-4340-40C5-92EA-B27DA581880B}.Release|iPhone.Build.0 = Release|iPhone
	EndGlobalSection
EndGlobal
